
Microsoft Visual Studio Solution File, Format Version 12.00
# Visual Studio Version 17
VisualStudioVersion = 17.7.34221.43
MinimumVisualStudioVersion = 10.0.40219.1
Project("{9A19103F-16F7-4668-BE54-9A1E7A4F7556}") = "DSLib", "DSLib.csproj", "{0379AC47-4BD1-40CE-834A-917A8317840F}"
EndProject
Project("{9A19103F-16F7-4668-BE54-9A1E7A4F7556}") = "DSLibTests", "..\DSLibTests\DSLibTests.csproj", "{08C724E1-AF22-4460-9494-BC96BE05BF07}"
EndProject
Project("{FAE04EC0-301F-11D3-BF4B-00C04F79EFBC}") = "DSLibConsole", "..\DSLibConsole\DSLibConsole.csproj", "{5DCFE59E-69B8-49A4-9B59-FD126CE479F0}"
EndProject
Global
	GlobalSection(SolutionConfigurationPlatforms) = preSolution
		Debug|Any CPU = Debug|Any CPU
		Release|Any CPU = Release|Any CPU
	EndGlobalSection
	GlobalSection(ProjectConfigurationPlatforms) = postSolution
		{0379AC47-4BD1-40CE-834A-917A8317840F}.Debug|Any CPU.ActiveCfg = Debug|Any CPU
		{0379AC47-4BD1-40CE-834A-917A8317840F}.Debug|Any CPU.Build.0 = Debug|Any CPU
		{0379AC47-4BD1-40CE-834A-917A8317840F}.Release|Any CPU.ActiveCfg = Release|Any CPU
		{0379AC47-4BD1-40CE-834A-917A8317840F}.Release|Any CPU.Build.0 = Release|Any CPU
		{08C724E1-AF22-4460-9494-BC96BE05BF07}.Debug|Any CPU.ActiveCfg = Debug|Any CPU
		{08C724E1-AF22-4460-9494-BC96BE05BF07}.Debug|Any CPU.Build.0 = Debug|Any CPU
		{08C724E1-AF22-4460-9494-BC96BE05BF07}.Release|Any CPU.ActiveCfg = Release|Any CPU
		{08C724E1-AF22-4460-9494-BC96BE05BF07}.Release|Any CPU.Build.0 = Release|Any CPU
		{5DCFE59E-69B8-49A4-9B59-FD126CE479F0}.Debug|Any CPU.ActiveCfg = Debug|Any CPU
		{5DCFE59E-69B8-49A4-9B59-FD126CE479F0}.Debug|Any CPU.Build.0 = Debug|Any CPU
		{5DCFE59E-69B8-49A4-9B59-FD126CE479F0}.Release|Any CPU.ActiveCfg = Release|Any CPU
		{5DCFE59E-69B8-49A4-9B59-FD126CE479F0}.Release|Any CPU.Build.0 = Release|Any CPU
	EndGlobalSection
	GlobalSection(SolutionProperties) = preSolution
		HideSolutionNode = FALSE
	EndGlobalSection
	GlobalSection(ExtensibilityGlobals) = postSolution
		SolutionGuid = {062A28BC-8066-4978-9245-6DB880668FF1}
	EndGlobalSection
EndGlobal
